
Microsoft Visual Studio Solution File, Format Version 12.00
# Visual Studio Version 17
VisualStudioVersion = 17.14.36212.18 d17.14
MinimumVisualStudioVersion = 10.0.40219.1
Project("{FAE04EC0-301F-11D3-BF4B-00C04F79EFBC}") = "C# Advanced Session 01", "C# Advanced Session 01\C# Advanced Session 01.csproj", "{7EB12D86-8D4F-4638-8014-5DBF7B7BBE77}"
EndProject
Global
	GlobalSection(SolutionConfigurationPlatforms) = preSolution
		Debug|Any CPU = Debug|Any CPU
		Release|Any CPU = Release|Any CPU
	EndGlobalSection
	GlobalSection(ProjectConfigurationPlatforms) = postSolution
		{7EB12D86-8D4F-4638-8014-5DBF7B7BBE77}.Debug|Any CPU.ActiveCfg = Debug|Any CPU
		{7EB12D86-8D4F-4638-8014-5DBF7B7BBE77}.Debug|Any CPU.Build.0 = Debug|Any CPU
		{7EB12D86-8D4F-4638-8014-5DBF7B7BBE77}.Release|Any CPU.ActiveCfg = Release|Any CPU
		{7EB12D86-8D4F-4638-8014-5DBF7B7BBE77}.Release|Any CPU.Build.0 = Release|Any CPU
	EndGlobalSection
	GlobalSection(SolutionProperties) = preSolution
		HideSolutionNode = FALSE
	EndGlobalSection
	GlobalSection(ExtensibilityGlobals) = postSolution
		SolutionGuid = {A36AE613-F7AA-4260-A646-68765ACE77C0}
	EndGlobalSection
EndGlobal
